{
  "version": 4,
  "terraform_version": "1.14.6",
  "serial": 3,
  "lineage": "2d74158d-4503-7fa4-9e78-ad2ba99c1bb2",
  "outputs": {
    "tfstate_bucket": {
      "value": "solidarytech-tfstate-914963610886",
      "type": "string"
    },
    "tfstate_lock_table": {
      "value": "solidarytech-tfstate-lock",
      "type": "string"
    }
  },
  "resources": [
    {
      "mode": "data",
      "type": "aws_caller_identity",
      "name": "current",
      "provider": "provider[\"registry.terraform.io/hashicorp/aws\"]",
      "instances": [
        {
          "schema_version": 0,
          "attributes": {
            "account_id": "914963610886",
            "arn": "arn:aws:sts::914963610886:assumed-role/voclabs/user4393413=aguilar.rafael14@gmail.com",
            "id": "914963610886",
            "user_id": "AROA5KCAUXUDFT2BYNZQK:user4393413=aguilar.rafael14@gmail.com"
          },
          "sensitive_attributes": [],
          "identity_schema_version": 0
        }
      ]
    },
    {
      "mode": "managed",
      "type": "aws_dynamodb_table",
      "name": "tfstate_lock",
      "provider": "provider[\"registry.terraform.io/hashicorp/aws\"]",
      "instances": [
        {
          "schema_version": 1,
          "attributes": {
            "arn": "arn:aws:dynamodb:us-east-1:914963610886:table/solidarytech-tfstate-lock",
            "attribute": [
              {
                "name": "LockID",
                "type": "S"
              }
            ],
            "billing_mode": "PAY_PER_REQUEST",
            "deletion_protection_enabled": false,
            "global_secondary_index": [],
            "global_table_witness": [],
            "hash_key": "LockID",
            "id": "solidarytech-tfstate-lock",
            "import_table": [],
            "local_secondary_index": [],
            "name": "solidarytech-tfstate-lock",
            "on_demand_throughput": [],
            "point_in_time_recovery": [
              {
                "enabled": false,
                "recovery_period_in_days": 0
              }
            ],
            "range_key": null,
            "read_capacity": 0,
            "region": "us-east-1",
            "replica": [],
            "restore_backup_arn": null,
            "restore_date_time": null,
            "restore_source_name": null,
            "restore_source_table_arn": null,
            "restore_to_latest_time": null,
            "server_side_encryption": [],
            "stream_arn": "",
            "stream_enabled": false,
            "stream_label": "",
            "stream_view_type": "",
            "table_class": "STANDARD",
            "tags": {
              "CostCenter": "NGO-Core",
              "Environment": "Production",
              "ManagedBy": "Terraform",
              "Project": "SolidaryTech",
              "Purpose": "terraform-state-lock"
            },
            "tags_all": {
              "CostCenter": "NGO-Core",
              "Environment": "Production",
              "ManagedBy": "Terraform",
              "Project": "SolidaryTech",
              "Purpose": "terraform-state-lock"
            },
            "timeouts": null,
            "ttl": [
              {
                "attribute_name": "",
                "enabled": false
              }
            ],
            "warm_throughput": [],
            "write_capacity": 0
          },
          "sensitive_attributes": [],
          "identity_schema_version": 0,
          "identity": {
            "account_id": "914963610886",
            "name": "solidarytech-tfstate-lock",
            "region": "us-east-1"
          },
          "private": "eyJlMmJmYjczMC1lY2FhLTExZTYtOGY4OC0zNDM2M2JjN2M0YzAiOnsiY3JlYXRlIjoxODAwMDAwMDAwMDAwLCJkZWxldGUiOjYwMDAwMDAwMDAwMCwidXBkYXRlIjozNjAwMDAwMDAwMDAwfSwic2NoZW1hX3ZlcnNpb24iOiIxIn0="
        }
      ]
    }
  ],
  "check_results": null
}
